
Microsoft Visual Studio Solution File, Format Version 12.00
# Visual Studio Version 16
VisualStudioVersion = 16.0.32802.440
MinimumVisualStudioVersion = 10.0.40219.1
Project("{FAE04EC0-301F-11D3-BF4B-00C04F79EFBC}") = "roseiceGameApp", "roseiceGameApp\roseiceGameApp.csproj", "{8B1CA07A-BF34-40F4-BFE4-FDF85AC6823C}"
EndProject
Global
	GlobalSection(SolutionConfigurationPlatforms) = preSolution
		Debug|Any CPU = Debug|Any CPU
		Release|Any CPU = Release|Any CPU
	EndGlobalSection
	GlobalSection(ProjectConfigurationPlatforms) = postSolution
		{8B1CA07A-BF34-40F4-BFE4-FDF85AC6823C}.Debug|Any CPU.ActiveCfg = Debug|Any CPU
		{8B1CA07A-BF34-40F4-BFE4-FDF85AC6823C}.Debug|Any CPU.Build.0 = Debug|Any CPU
		{8B1CA07A-BF34-40F4-BFE4-FDF85AC6823C}.Release|Any CPU.ActiveCfg = Release|Any CPU
		{8B1CA07A-BF34-40F4-BFE4-FDF85AC6823C}.Release|Any CPU.Build.0 = Release|Any CPU
	EndGlobalSection
	GlobalSection(SolutionProperties) = preSolution
		HideSolutionNode = FALSE
	EndGlobalSection
	GlobalSection(ExtensibilityGlobals) = postSolution
		SolutionGuid = {CAB583AF-17BA-4CB9-8F40-CA96EB2392D1}
	EndGlobalSection
EndGlobal
